
Microsoft Visual Studio Solution File, Format Version 12.00
# Visual Studio Version 17
VisualStudioVersion = 17.1.32328.378
MinimumVisualStudioVersion = 10.0.40219.1
Project("{9A19103F-16F7-4668-BE54-9A1E7A4F7556}") = "NNGA", "NNGA\NNGA.csproj", "{1A0B6DE9-5130-495B-B40B-B38F9C28B0A4}"
EndProject
Global
	GlobalSection(SolutionConfigurationPlatforms) = preSolution
		Debug|Any CPU = Debug|Any CPU
		Release|Any CPU = Release|Any CPU
	EndGlobalSection
	GlobalSection(ProjectConfigurationPlatforms) = postSolution
		{1A0B6DE9-5130-495B-B40B-B38F9C28B0A4}.Debug|Any CPU.ActiveCfg = Debug|Any CPU
		{1A0B6DE9-5130-495B-B40B-B38F9C28B0A4}.Debug|Any CPU.Build.0 = Debug|Any CPU
		{1A0B6DE9-5130-495B-B40B-B38F9C28B0A4}.Release|Any CPU.ActiveCfg = Release|Any CPU
		{1A0B6DE9-5130-495B-B40B-B38F9C28B0A4}.Release|Any CPU.Build.0 = Release|Any CPU
	EndGlobalSection
	GlobalSection(SolutionProperties) = preSolution
		HideSolutionNode = FALSE
	EndGlobalSection
	GlobalSection(ExtensibilityGlobals) = postSolution
		SolutionGuid = {AC735ACB-478D-4BE8-B2F6-DF9997C4AC4F}
	EndGlobalSection
EndGlobal
